
Microsoft Visual Studio Solution File, Format Version 12.00
# Visual Studio Version 17
VisualStudioVersion = 17.1.32407.343
MinimumVisualStudioVersion = 10.0.40219.1
Project("{FAE04EC0-301F-11D3-BF4B-00C04F79EFBC}") = "StupidPlayer1.0", "StupidPlayer1.0.csproj", "{B5578F76-4CF7-4326-9E8C-8136F776CCFC}"
EndProject
Global
	GlobalSection(SolutionConfigurationPlatforms) = preSolution
		Debug|Any CPU = Debug|Any CPU
		Release|Any CPU = Release|Any CPU
	EndGlobalSection
	GlobalSection(ProjectConfigurationPlatforms) = postSolution
		{B5578F76-4CF7-4326-9E8C-8136F776CCFC}.Debug|Any CPU.ActiveCfg = Debug|Any CPU
		{B5578F76-4CF7-4326-9E8C-8136F776CCFC}.Debug|Any CPU.Build.0 = Debug|Any CPU
		{B5578F76-4CF7-4326-9E8C-8136F776CCFC}.Release|Any CPU.ActiveCfg = Release|Any CPU
		{B5578F76-4CF7-4326-9E8C-8136F776CCFC}.Release|Any CPU.Build.0 = Release|Any CPU
	EndGlobalSection
	GlobalSection(SolutionProperties) = preSolution
		HideSolutionNode = FALSE
	EndGlobalSection
	GlobalSection(ExtensibilityGlobals) = postSolution
		SolutionGuid = {8E95D8EF-BA16-4A9E-9D45-FA0CF46F3CCD}
	EndGlobalSection
EndGlobal
